
Microsoft Visual Studio Solution File, Format Version 12.00
# Visual Studio Version 16
VisualStudioVersion = 16.0.30804.86
MinimumVisualStudioVersion = 10.0.40219.1
Project("{9A19103F-16F7-4668-BE54-9A1E7A4F7556}") = "Dedup", "Dedup.csproj", "{0A492838-ACBC-456C-BDCE-F9841BCE5023}"
EndProject
Project("{FAE04EC0-301F-11D3-BF4B-00C04F79EFBC}") = "Dedup.Tests", "..\Dedup.Tests\Dedup.Tests.csproj", "{2C03C7F9-24DF-4BE8-AAE9-81B477C3BD87}"
EndProject
Global
	GlobalSection(SolutionConfigurationPlatforms) = preSolution
		Debug|Any CPU = Debug|Any CPU
		Release|Any CPU = Release|Any CPU
	EndGlobalSection
	GlobalSection(ProjectConfigurationPlatforms) = postSolution
		{0A492838-ACBC-456C-BDCE-F9841BCE5023}.Debug|Any CPU.ActiveCfg = Debug|Any CPU
		{0A492838-ACBC-456C-BDCE-F9841BCE5023}.Debug|Any CPU.Build.0 = Debug|Any CPU
		{0A492838-ACBC-456C-BDCE-F9841BCE5023}.Release|Any CPU.ActiveCfg = Release|Any CPU
		{0A492838-ACBC-456C-BDCE-F9841BCE5023}.Release|Any CPU.Build.0 = Release|Any CPU
		{2C03C7F9-24DF-4BE8-AAE9-81B477C3BD87}.Debug|Any CPU.ActiveCfg = Debug|Any CPU
		{2C03C7F9-24DF-4BE8-AAE9-81B477C3BD87}.Debug|Any CPU.Build.0 = Debug|Any CPU
		{2C03C7F9-24DF-4BE8-AAE9-81B477C3BD87}.Release|Any CPU.ActiveCfg = Release|Any CPU
		{2C03C7F9-24DF-4BE8-AAE9-81B477C3BD87}.Release|Any CPU.Build.0 = Release|Any CPU
	EndGlobalSection
	GlobalSection(SolutionProperties) = preSolution
		HideSolutionNode = FALSE
	EndGlobalSection
	GlobalSection(ExtensibilityGlobals) = postSolution
		SolutionGuid = {067AC414-81DF-48A7-8827-128F84EEF619}
	EndGlobalSection
EndGlobal
